
Microsoft Visual Studio Solution File, Format Version 12.00
# Visual Studio Version 17
VisualStudioVersion = 17.9.34723.18
MinimumVisualStudioVersion = 10.0.40219.1
Project("{FAE04EC0-301F-11D3-BF4B-00C04F79EFBC}") = "Projections App V1", "Projections App V1.csproj", "{FF31BE38-A74D-4DE6-9E8E-E5F0C49AD89C}"
EndProject
Global
	GlobalSection(SolutionConfigurationPlatforms) = preSolution
		Debug|Any CPU = Debug|Any CPU
		Release|Any CPU = Release|Any CPU
	EndGlobalSection
	GlobalSection(ProjectConfigurationPlatforms) = postSolution
		{FF31BE38-A74D-4DE6-9E8E-E5F0C49AD89C}.Debug|Any CPU.ActiveCfg = Debug|Any CPU
		{FF31BE38-A74D-4DE6-9E8E-E5F0C49AD89C}.Debug|Any CPU.Build.0 = Debug|Any CPU
		{FF31BE38-A74D-4DE6-9E8E-E5F0C49AD89C}.Release|Any CPU.ActiveCfg = Release|Any CPU
		{FF31BE38-A74D-4DE6-9E8E-E5F0C49AD89C}.Release|Any CPU.Build.0 = Release|Any CPU
	EndGlobalSection
	GlobalSection(SolutionProperties) = preSolution
		HideSolutionNode = FALSE
	EndGlobalSection
	GlobalSection(ExtensibilityGlobals) = postSolution
		SolutionGuid = {8E9942FE-4AE2-4D85-96BF-7905338FCC19}
	EndGlobalSection
EndGlobal
